<?xml version="1.0" encoding="utf-8"?>
<Project ToolsVersion="4.0" xmlns="http://schemas.microsoft.com/developer/msbuild/2003">
  <ItemGroup>
    <ClCompile Include="..\src\Juego.cpp" />
    <ClCompile Include="..\src\Main.cpp" />
    <ClCompile Include="Batalla.cpp" />
    <ClCompile Include="casilla.cpp" />
    <ClCompile Include="dibujo_tablero.cpp" />
    <ClCompile Include="Disparos.cpp" />
    <ClCompile Include="Hechizos.cpp" />
    <ClCompile Include="menu.cpp" />
    <ClCompile Include="Personajes.cpp" />
    <ClCompile Include="tablero.cpp" />
    <ClCompile Include="Cursor.cpp" />
  </ItemGroup>
  <ItemGroup>
    <ClInclude Include="..\src\Juego.h" />
    <ClInclude Include="Batalla.h" />
    <ClInclude Include="casilla.h" />
    <ClInclude Include="dibujo_tablero.h" />
    <ClInclude Include="Disparos.h" />
    <ClInclude Include="Hechizos.h" />
    <ClInclude Include="Informacion Casilla.h" />
    <ClInclude Include="menu.h" />
    <ClInclude Include="Personajes.h" />
    <ClInclude Include="tablero.h" />
    <ClInclude Include="Cursor.h" />
  </ItemGroup>
</Project>